
Microsoft Visual Studio Solution File, Format Version 12.00
# Visual Studio 14
VisualStudioVersion = 14.0.25123.0
MinimumVisualStudioVersion = 10.0.40219.1
Project("{2150E333-8FDC-42A3-9474-1A3956D46DE8}") = "src", "src", "{24184C36-34D0-46AF-BCFC-69081722C1A7}"
EndProject
Project("{2150E333-8FDC-42A3-9474-1A3956D46DE8}") = "Solution Items", "Solution Items", "{A236C328-C06E-46CF-A066-C9E708DE50A0}"
	ProjectSection(SolutionItems) = preProject
		global.json = global.json
	EndProjectSection
EndProject
Project("{8BB2217D-0F2D-49D1-97BC-3654ED321F3B}") = "Announcements", "src\Announcements\Announcements.xproj", "{EFCE6D0F-5B3F-480C-8730-B19E0F20CEC3}"
EndProject
Global
	GlobalSection(SolutionConfigurationPlatforms) = preSolution
		Debug|Any CPU = Debug|Any CPU
		Release|Any CPU = Release|Any CPU
	EndGlobalSection
	GlobalSection(ProjectConfigurationPlatforms) = postSolution
		{EFCE6D0F-5B3F-480C-8730-B19E0F20CEC3}.Debug|Any CPU.ActiveCfg = Debug|Any CPU
		{EFCE6D0F-5B3F-480C-8730-B19E0F20CEC3}.Debug|Any CPU.Build.0 = Debug|Any CPU
		{EFCE6D0F-5B3F-480C-8730-B19E0F20CEC3}.Release|Any CPU.ActiveCfg = Release|Any CPU
		{EFCE6D0F-5B3F-480C-8730-B19E0F20CEC3}.Release|Any CPU.Build.0 = Release|Any CPU
	EndGlobalSection
	GlobalSection(SolutionProperties) = preSolution
		HideSolutionNode = FALSE
	EndGlobalSection
	GlobalSection(NestedProjects) = preSolution
		{EFCE6D0F-5B3F-480C-8730-B19E0F20CEC3} = {24184C36-34D0-46AF-BCFC-69081722C1A7}
	EndGlobalSection
EndGlobal
